
Microsoft Visual Studio Solution File, Format Version 12.00
# Visual Studio Version 17
VisualStudioVersion = 17.8.34330.188
MinimumVisualStudioVersion = 10.0.40219.1
Project("{FAE04EC0-301F-11D3-BF4B-00C04F79EFBC}") = "BusBookingSystem", "BusBookingSystem\BusBookingSystem.csproj", "{EC21B47B-CD50-4985-A078-A06D40AE8617}"
EndProject
Project("{9A19103F-16F7-4668-BE54-9A1E7A4F7556}") = "TestBus", "TestBus\TestBus.csproj", "{65C84B38-C584-4777-BE63-22140EF56127}"
EndProject
Project("{9A19103F-16F7-4668-BE54-9A1E7A4F7556}") = "DALLAYER", "DALLAYER\DALLAYER\DALLAYER.csproj", "{B80FFA8B-09AF-4645-8935-6A71A5122810}"
EndProject
Global
	GlobalSection(SolutionConfigurationPlatforms) = preSolution
		Debug|Any CPU = Debug|Any CPU
		Release|Any CPU = Release|Any CPU
	EndGlobalSection
	GlobalSection(ProjectConfigurationPlatforms) = postSolution
		{EC21B47B-CD50-4985-A078-A06D40AE8617}.Debug|Any CPU.ActiveCfg = Debug|Any CPU
		{EC21B47B-CD50-4985-A078-A06D40AE8617}.Debug|Any CPU.Build.0 = Debug|Any CPU
		{EC21B47B-CD50-4985-A078-A06D40AE8617}.Release|Any CPU.ActiveCfg = Release|Any CPU
		{EC21B47B-CD50-4985-A078-A06D40AE8617}.Release|Any CPU.Build.0 = Release|Any CPU
		{65C84B38-C584-4777-BE63-22140EF56127}.Debug|Any CPU.ActiveCfg = Debug|Any CPU
		{65C84B38-C584-4777-BE63-22140EF56127}.Debug|Any CPU.Build.0 = Debug|Any CPU
		{65C84B38-C584-4777-BE63-22140EF56127}.Release|Any CPU.ActiveCfg = Release|Any CPU
		{65C84B38-C584-4777-BE63-22140EF56127}.Release|Any CPU.Build.0 = Release|Any CPU
		{B80FFA8B-09AF-4645-8935-6A71A5122810}.Debug|Any CPU.ActiveCfg = Debug|Any CPU
		{B80FFA8B-09AF-4645-8935-6A71A5122810}.Debug|Any CPU.Build.0 = Debug|Any CPU
		{B80FFA8B-09AF-4645-8935-6A71A5122810}.Release|Any CPU.ActiveCfg = Release|Any CPU
		{B80FFA8B-09AF-4645-8935-6A71A5122810}.Release|Any CPU.Build.0 = Release|Any CPU
	EndGlobalSection
	GlobalSection(SolutionProperties) = preSolution
		HideSolutionNode = FALSE
	EndGlobalSection
	GlobalSection(ExtensibilityGlobals) = postSolution
		SolutionGuid = {C6E772D4-04A5-4853-92CC-262A449E7D3D}
	EndGlobalSection
EndGlobal
